{
  "lockfileVersion": 1,
  "configVersion": 0,
  "workspaces": {
    "": {
      "name": "git-manager-lite",
      "dependencies": {
        "chalk": "^5.6.2",
        "cli-progress": "^3.12.0",
        "prompts": "^2.4.2",
      },
      "devDependencies": {
        "@biomejs/biome": "^2.4.4",
        "@types/bun": "latest",
        "@types/cli-progress": "^3.11.6",
        "@types/prompts": "^2.4.9",
      },
      "peerDependencies": {
        "typescript": "^5",
      },
    },
  },
  "packages": {
    "@biomejs/biome": ["@biomejs/biome@2.4.4", "https://pkgs.dev.azure.com/KionMobileAutomation/_packaging/onyx/npm/registry/@biomejs/biome/-/biome-2.4.4.tgz", { "optionalDependencies": { "@biomejs/cli-darwin-arm64": "2.4.4", "@biomejs/cli-darwin-x64": "2.4.4", "@biomejs/cli-linux-arm64": "2.4.4", "@biomejs/cli-linux-arm64-musl": "2.4.4", "@biomejs/cli-linux-x64": "2.4.4", "@biomejs/cli-linux-x64-musl": "2.4.4", "@biomejs/cli-win32-arm64": "2.4.4", "@biomejs/cli-win32-x64": "2.4.4" }, "bin": { "biome": "bin/biome" } }, "sha1-AJ0XUdBhlGsyDmY+WJSvYDEPNVo="],

    "@biomejs/cli-darwin-arm64": ["@biomejs/cli-darwin-arm64@2.4.4", "https://pkgs.dev.azure.com/KionMobileAutomation/_packaging/onyx/npm/registry/@biomejs/cli-darwin-arm64/-/cli-darwin-arm64-2.4.4.tgz", { "os": "darwin", "cpu": "arm64" }, "sha1-qK9SVPzJ3aKKHaJhJUJ98IOhNXk="],

    "@biomejs/cli-darwin-x64": ["@biomejs/cli-darwin-x64@2.4.4", "https://pkgs.dev.azure.com/KionMobileAutomation/_packaging/onyx/npm/registry/@biomejs/cli-darwin-x64/-/cli-darwin-x64-2.4.4.tgz", { "os": "darwin", "cpu": "x64" }, "sha1-beF9W7OvrzJ1vGAvt+Yf7+Mdq4Q="],

    "@biomejs/cli-linux-arm64": ["@biomejs/cli-linux-arm64@2.4.4", "https://pkgs.dev.azure.com/KionMobileAutomation/_packaging/onyx/npm/registry/@biomejs/cli-linux-arm64/-/cli-linux-arm64-2.4.4.tgz", { "os": "linux", "cpu": "arm64" }, "sha1-LIhIRhvVGV0+iHsMn8nBtEHHJ+w="],

    "@biomejs/cli-linux-arm64-musl": ["@biomejs/cli-linux-arm64-musl@2.4.4", "https://pkgs.dev.azure.com/KionMobileAutomation/_packaging/onyx/npm/registry/@biomejs/cli-linux-arm64-musl/-/cli-linux-arm64-musl-2.4.4.tgz", { "os": "linux", "cpu": "arm64" }, "sha1-TFWv6H1VV4L0bnKSEqzU4EEbFwM="],

    "@biomejs/cli-linux-x64": ["@biomejs/cli-linux-x64@2.4.4", "https://pkgs.dev.azure.com/KionMobileAutomation/_packaging/onyx/npm/registry/@biomejs/cli-linux-x64/-/cli-linux-x64-2.4.4.tgz", { "os": "linux", "cpu": "x64" }, "sha1-OXytsOwedqmT0h7kJLzyz3l2JD4="],

    "@biomejs/cli-linux-x64-musl": ["@biomejs/cli-linux-x64-musl@2.4.4", "https://pkgs.dev.azure.com/KionMobileAutomation/_packaging/onyx/npm/registry/@biomejs/cli-linux-x64-musl/-/cli-linux-x64-musl-2.4.4.tgz", { "os": "linux", "cpu": "x64" }, "sha1-9AM22MFTSIfH70GYsrR3KspwLug="],

    "@biomejs/cli-win32-arm64": ["@biomejs/cli-win32-arm64@2.4.4", "https://pkgs.dev.azure.com/KionMobileAutomation/_packaging/onyx/npm/registry/@biomejs/cli-win32-arm64/-/cli-win32-arm64-2.4.4.tgz", { "os": "win32", "cpu": "arm64" }, "sha1-fXZ8Fc4g7jm8FDDCBXzNAgjPEv4="],

    "@biomejs/cli-win32-x64": ["@biomejs/cli-win32-x64@2.4.4", "https://pkgs.dev.azure.com/KionMobileAutomation/_packaging/onyx/npm/registry/@biomejs/cli-win32-x64/-/cli-win32-x64-2.4.4.tgz", { "os": "win32", "cpu": "x64" }, "sha1-mY6HCD/5ZXoktLL2r8uAOi6CAAA="],

    "@types/bun": ["@types/bun@1.2.21", "https://pkgs.dev.azure.com/KionMobileAutomation/_packaging/onyx/npm/registry/@types/bun/-/bun-1.2.21.tgz", { "dependencies": { "bun-types": "1.2.21" } }, "sha1-otVVt5CMAcJvakhAfNbJRNnsjRI="],

    "@types/cli-progress": ["@types/cli-progress@3.11.6", "https://pkgs.dev.azure.com/KionMobileAutomation/_packaging/onyx/npm/registry/@types/cli-progress/-/cli-progress-3.11.6.tgz", { "dependencies": { "@types/node": "*" } }, "sha1-lLM06+QZD3EOUcG/m0/ttoH6nkU="],

    "@types/node": ["@types/node@24.3.0", "https://pkgs.dev.azure.com/KionMobileAutomation/_packaging/onyx/npm/registry/@types/node/-/node-24.3.0.tgz", { "dependencies": { "undici-types": "~7.10.0" } }, "sha1-ibCfRcuajuaUZvGO5YZOTD64Tew="],

    "@types/prompts": ["@types/prompts@2.4.9", "https://pkgs.dev.azure.com/KionMobileAutomation/_packaging/onyx/npm/registry/@types/prompts/-/prompts-2.4.9.tgz", { "dependencies": { "@types/node": "*", "kleur": "^3.0.3" } }, "sha1-h3WjHkCtInr1EaoNfxmgRMy9Nx4="],

    "@types/react": ["@types/react@19.1.12", "https://pkgs.dev.azure.com/KionMobileAutomation/_packaging/onyx/npm/registry/@types/react/-/react-19.1.12.tgz", { "dependencies": { "csstype": "^3.0.2" } }, "sha1-e/qnaqu7C0/gSTwho6epPTPok3s="],

    "ansi-regex": ["ansi-regex@5.0.1", "https://pkgs.dev.azure.com/KionMobileAutomation/_packaging/onyx/npm/registry/ansi-regex/-/ansi-regex-5.0.1.tgz", {}, "sha1-CCyyyJyf6GWaMRpTvWpNxTAdswQ="],

    "bun-types": ["bun-types@1.2.21", "https://pkgs.dev.azure.com/KionMobileAutomation/_packaging/onyx/npm/registry/bun-types/-/bun-types-1.2.21.tgz", { "dependencies": { "@types/node": "*" }, "peerDependencies": { "@types/react": "^19" } }, "sha1-fM0E1HZdf6uq74stKIFQMF3/LFY="],

    "chalk": ["chalk@5.6.2", "https://pkgs.dev.azure.com/KionMobileAutomation/_packaging/onyx/npm/registry/chalk/-/chalk-5.6.2.tgz", {}, "sha1-sSOLbiPqM3r3HH+KKV21rwwViuo="],

    "cli-progress": ["cli-progress@3.12.0", "https://pkgs.dev.azure.com/KionMobileAutomation/_packaging/onyx/npm/registry/cli-progress/-/cli-progress-3.12.0.tgz", { "dependencies": { "string-width": "^4.2.3" } }, "sha1-gH7hS2a8wIYljkRK0PGefUJXeUI="],

    "csstype": ["csstype@3.1.3", "https://pkgs.dev.azure.com/KionMobileAutomation/_packaging/onyx/npm/registry/csstype/-/csstype-3.1.3.tgz", {}, "sha1-2A/ylNEU+w5qxQD7+FtgE31+/4E="],

    "emoji-regex": ["emoji-regex@8.0.0", "https://pkgs.dev.azure.com/KionMobileAutomation/_packaging/onyx/npm/registry/emoji-regex/-/emoji-regex-8.0.0.tgz", {}, "sha1-6Bj9ac5cz8tARZT4QpY79TFkzDc="],

    "is-fullwidth-code-point": ["is-fullwidth-code-point@3.0.0", "https://pkgs.dev.azure.com/KionMobileAutomation/_packaging/onyx/npm/registry/is-fullwidth-code-point/-/is-fullwidth-code-point-3.0.0.tgz", {}, "sha1-8Rb4Bk/pCz94RKOJl8C3UFEmnx0="],

    "kleur": ["kleur@3.0.3", "https://pkgs.dev.azure.com/KionMobileAutomation/_packaging/onyx/npm/registry/kleur/-/kleur-3.0.3.tgz", {}, "sha1-p5yezIbuHOP6YgbRIWxQHxR/wH4="],

    "prompts": ["prompts@2.4.2", "https://pkgs.dev.azure.com/KionMobileAutomation/_packaging/onyx/npm/registry/prompts/-/prompts-2.4.2.tgz", { "dependencies": { "kleur": "^3.0.3", "sisteransi": "^1.0.5" } }, "sha1-e1fnOzpIAprRDr1E90sBcipMsGk="],

    "sisteransi": ["sisteransi@1.0.5", "https://pkgs.dev.azure.com/KionMobileAutomation/_packaging/onyx/npm/registry/sisteransi/-/sisteransi-1.0.5.tgz", {}, "sha1-E01oEpd1ZDfMBcoBNw06elcQde0="],

    "string-width": ["string-width@4.2.3", "https://pkgs.dev.azure.com/KionMobileAutomation/_packaging/onyx/npm/registry/string-width/-/string-width-4.2.3.tgz", { "dependencies": { "emoji-regex": "^8.0.0", "is-fullwidth-code-point": "^3.0.0", "strip-ansi": "^6.0.1" } }, "sha1-JpxxF9J7Ba0uU2gwqOyJXvnG0BA="],

    "strip-ansi": ["strip-ansi@6.0.1", "https://pkgs.dev.azure.com/KionMobileAutomation/_packaging/onyx/npm/registry/strip-ansi/-/strip-ansi-6.0.1.tgz", { "dependencies": { "ansi-regex": "^5.0.1" } }, "sha1-nibGPTD1NEPpSJSVshBdN7Z6hdk="],

    "typescript": ["typescript@5.9.2", "https://pkgs.dev.azure.com/KionMobileAutomation/_packaging/onyx/npm/registry/typescript/-/typescript-5.9.2.tgz", { "bin": { "tsc": "./bin/tsc", "tsserver": "./bin/tsserver" } }, "sha1-2TRQzd7FFUotXKvjuBArgzFvsqY="],

    "undici-types": ["undici-types@7.10.0", "https://pkgs.dev.azure.com/KionMobileAutomation/_packaging/onyx/npm/registry/undici-types/-/undici-types-7.10.0.tgz", {}, "sha1-SsLgWM5WtGKwVuYpzGoCOT0/81A="],
  }
}
